
Microsoft Visual Studio Solution File, Format Version 12.00
# Visual Studio Version 17
VisualStudioVersion = 17.8.34525.116
MinimumVisualStudioVersion = 10.0.40219.1
Project("{FAE04EC0-301F-11D3-BF4B-00C04F79EFBC}") = "MovieNight.Web", "MovieNight.Web\MovieNight.Web.csproj", "{5E92406C-0FA3-47D6-B2F9-8354C89CF2EA}"
EndProject
Global
	GlobalSection(SolutionConfigurationPlatforms) = preSolution
		Debug|Any CPU = Debug|Any CPU
		Release|Any CPU = Release|Any CPU
	EndGlobalSection
	GlobalSection(ProjectConfigurationPlatforms) = postSolution
		{5E92406C-0FA3-47D6-B2F9-8354C89CF2EA}.Debug|Any CPU.ActiveCfg = Debug|Any CPU
		{5E92406C-0FA3-47D6-B2F9-8354C89CF2EA}.Debug|Any CPU.Build.0 = Debug|Any CPU
		{5E92406C-0FA3-47D6-B2F9-8354C89CF2EA}.Release|Any CPU.ActiveCfg = Release|Any CPU
		{5E92406C-0FA3-47D6-B2F9-8354C89CF2EA}.Release|Any CPU.Build.0 = Release|Any CPU
	EndGlobalSection
	GlobalSection(SolutionProperties) = preSolution
		HideSolutionNode = FALSE
	EndGlobalSection
	GlobalSection(ExtensibilityGlobals) = postSolution
		SolutionGuid = {18BA8F34-0DA7-459C-87FD-F72ACB4B8247}
	EndGlobalSection
EndGlobal
